
Microsoft Visual Studio Solution File, Format Version 12.00
# Visual Studio Version 16
VisualStudioVersion = 16.0.29215.179
MinimumVisualStudioVersion = 10.0.40219.1
Project("{FAE04EC0-301F-11D3-BF4B-00C04F79EFBC}") = "LKaifer_BugTracker", "LKaifer_BugTracker\LKaifer_BugTracker.csproj", "{52B97A4E-5F63-476B-83AF-EE288F63ED44}"
EndProject
Global
	GlobalSection(SolutionConfigurationPlatforms) = preSolution
		Debug|Any CPU = Debug|Any CPU
		Release|Any CPU = Release|Any CPU
	EndGlobalSection
	GlobalSection(ProjectConfigurationPlatforms) = postSolution
		{52B97A4E-5F63-476B-83AF-EE288F63ED44}.Debug|Any CPU.ActiveCfg = Debug|Any CPU
		{52B97A4E-5F63-476B-83AF-EE288F63ED44}.Debug|Any CPU.Build.0 = Debug|Any CPU
		{52B97A4E-5F63-476B-83AF-EE288F63ED44}.Release|Any CPU.ActiveCfg = Release|Any CPU
		{52B97A4E-5F63-476B-83AF-EE288F63ED44}.Release|Any CPU.Build.0 = Release|Any CPU
	EndGlobalSection
	GlobalSection(SolutionProperties) = preSolution
		HideSolutionNode = FALSE
	EndGlobalSection
	GlobalSection(ExtensibilityGlobals) = postSolution
		SolutionGuid = {7591D60B-B221-4258-B30F-2284D1177B42}
	EndGlobalSection
EndGlobal
